// !$*UTF8*$!
{
	archiveVersion = 1;
	classes = {
	};
	objectVersion = 48;
	objects = {

/* Begin PBXBuildFile section */
		A979DE001F9A851E007D2583 /* AppDelegate.swift in Sources */ = {isa = PBXBuildFile; fileRef = A979DDFF1F9A851E007D2583 /* AppDelegate.swift */; };
		A979DE021F9A851E007D2583 /* ViewController.swift in Sources */ = {isa = PBXBuildFile; fileRef = A979DE011F9A851E007D2583 /* ViewController.swift */; };
		A979DE051F9A851E007D2583 /* Main.storyboard in Resources */ = {isa = PBXBuildFile; fileRef = A979DE031F9A851E007D2583 /* Main.storyboard */; };
		A979DE081F9A851E007D2583 /* GitHubProfile.xcdatamodeld in Sources */ = {isa = PBXBuildFile; fileRef = A979DE061F9A851E007D2583 /* GitHubProfile.xcdatamodeld */; };
		A979DE0A1F9A851E007D2583 /* Assets.xcassets in Resources */ = {isa = PBXBuildFile; fileRef = A979DE091F9A851E007D2583 /* Assets.xcassets */; };
		A979DE0D1F9A851E007D2583 /* LaunchScreen.storyboard in Resources */ = {isa = PBXBuildFile; fileRef = A979DE0B1F9A851E007D2583 /* LaunchScreen.storyboard */; };
		A979DE181F9A851E007D2583 /* GitHubProfileTests.swift in Sources */ = {isa = PBXBuildFile; fileRef = A979DE171F9A851E007D2583 /* GitHubProfileTests.swift */; };
		A979DE231F9A851E007D2583 /* GitHubProfileUITests.swift in Sources */ = {isa = PBXBuildFile; fileRef = A979DE221F9A851E007D2583 /* GitHubProfileUITests.swift */; };
/* End PBXBuildFile section */

/* Begin PBXContainerItemProxy section */
		A979DE141F9A851E007D2583 /* PBXContainerItemProxy */ = {
			isa = PBXContainerItemProxy;
			containerPortal = A979DDF41F9A851E007D2583 /* Project object */;
			proxyType = 1;
			remoteGlobalIDString = A979DDFB1F9A851E007D2583;
			remoteInfo = GitHubProfile;
		};
		A979DE1F1F9A851E007D2583 /* PBXContainerItemProxy */ = {
			isa = PBXContainerItemProxy;
			containerPortal = A979DDF41F9A851E007D2583 /* Project object */;
			proxyType = 1;
			remoteGlobalIDString = A979DDFB1F9A851E007D2583;
			remoteInfo = GitHubProfile;
		};
/* End PBXContainerItemProxy section */

/* Begin PBXFileReference section */
		A979DDFC1F9A851E007D2583 /* GitHubProfile.app */ = {isa = PBXFileReference; explicitFileType = wrapper.application; includeInIndex = 0; path = GitHubProfile.app; sourceTree = BUILT_PRODUCTS_DIR; };
		A979DDFF1F9A851E007D2583 /* AppDelegate.swift */ = {isa = PBXFileReference; lastKnownFileType = sourcecode.swift; path = AppDelegate.swift; sourceTree = "<group>"; };
		A979DE011F9A851E007D2583 /* ViewController.swift */ = {isa = PBXFileReference; lastKnownFileType = sourcecode.swift; path = ViewController.swift; sourceTree = "<group>"; };
		A979DE041F9A851E007D2583 /* Base */ = {isa = PBXFileReference; lastKnownFileType = file.storyboard; name = Base; path = Base.lproj/Main.storyboard; sourceTree = "<group>"; };
		A979DE071F9A851E007D2583 /* GitHubProfile.xcdatamodel */ = {isa = PBXFileReference; lastKnownFileType = wrapper.xcdatamodel; path = GitHubProfile.xcdatamodel; sourceTree = "<group>"; };
		A979DE091F9A851E007D2583 /* Assets.xcassets */ = {isa = PBXFileReference; lastKnownFileType = folder.assetcatalog; path = Assets.xcassets; sourceTree = "<group>"; };
		A979DE0C1F9A851E007D2583 /* Base */ = {isa = PBXFileReference; lastKnownFileType = file.storyboard; name = Base; path = Base.lproj/LaunchScreen.storyboard; sourceTree = "<group>"; };
		A979DE0E1F9A851E007D2583 /* Info.plist */ = {isa = PBXFileReference; lastKnownFileType = text.plist.xml; path = Info.plist; sourceTree = "<group>"; };
		A979DE131F9A851E007D2583 /* GitHubProfileTests.xctest */ = {isa = PBXFileReference; explicitFileType = wrapper.cfbundle; includeInIndex = 0; path = GitHubProfileTests.xctest; sourceTree = BUILT_PRODUCTS_DIR; };
		A979DE171F9A851E007D2583 /* GitHubProfileTests.swift */ = {isa = PBXFileReference; lastKnownFileType = sourcecode.swift; path = GitHubProfileTests.swift; sourceTree = "<group>"; };
		A979DE191F9A851E007D2583 /* Info.plist */ = {isa = PBXFileReference; lastKnownFileType = text.plist.xml; path = Info.plist; sourceTree = "<group>"; };
		A979DE1E1F9A851E007D2583 /* GitHubProfileUITests.xctest */ = {isa = PBXFileReference; explicitFileType = wrapper.cfbundle; includeInIndex = 0; path = GitHubProfileUITests.xctest; sourceTree = BUILT_PRODUCTS_DIR; };
		A979DE221F9A851E007D2583 /* GitHubProfileUITests.swift */ = {isa = PBXFileReference; lastKnownFileType = sourcecode.swift; path = GitHubProfileUITests.swift; sourceTree = "<group>"; };
		A979DE241F9A851E007D2583 /* Info.plist */ = {isa = PBXFileReference; lastKnownFileType = text.plist.xml; path = Info.plist; sourceTree = "<group>"; };
/* End PBXFileReference section */

/* Begin PBXFrameworksBuildPhase section */
		A979DDF91F9A851E007D2583 /* Frameworks */ = {
			isa = PBXFrameworksBuildPhase;
			buildActionMask = 2147483647;
			files = (
			);
			runOnlyForDeploymentPostprocessing = 0;
		};
		A979DE101F9A851E007D2583 /* Frameworks */ = {
			isa = PBXFrameworksBuildPhase;
			buildActionMask = 2147483647;
			files = (
			);
			runOnlyForDeploymentPostprocessing = 0;
		};
		A979DE1B1F9A851E007D2583 /* Frameworks */ = {
			isa = PBXFrameworksBuildPhase;
			buildActionMask = 2147483647;
			files = (
			);
			runOnlyForDeploymentPostprocessing = 0;
		};
/* End PBXFrameworksBuildPhase section */

/* Begin PBXGroup section */
		A979DDF31F9A851E007D2583 = {
			isa = PBXGroup;
			children = (
				A979DDFE1F9A851E007D2583 /* GitHubProfile */,
				A979DE161F9A851E007D2583 /* GitHubProfileTests */,
				A979DE211F9A851E007D2583 /* GitHubProfileUITests */,
				A979DDFD1F9A851E007D2583 /* Products */,
			);
			sourceTree = "<group>";
		};
		A979DDFD1F9A851E007D2583 /* Products */ = {
			isa = PBXGroup;
			children = (
				A979DDFC1F9A851E007D2583 /* GitHubProfile.app */,
				A979DE131F9A851E007D2583 /* GitHubProfileTests.xctest */,
				A979DE1E1F9A851E007D2583 /* GitHubProfileUITests.xctest */,
			);
			name = Products;
			sourceTree = "<group>";
		};
		A979DDFE1F9A851E007D2583 /* GitHubProfile */ = {
			isa = PBXGroup;
			children = (
				A979DDFF1F9A851E007D2583 /* AppDelegate.swift */,
				A979DE011F9A851E007D2583 /* ViewController.swift */,
				A979DE031F9A851E007D2583 /* Main.storyboard */,
				A979DE091F9A851E007D2583 /* Assets.xcassets */,
				A979DE0B1F9A851E007D2583 /* LaunchScreen.storyboard */,
				A979DE0E1F9A851E007D2583 /* Info.plist */,
				A979DE061F9A851E007D2583 /* GitHubProfile.xcdatamodeld */,
			);
			path = GitHubProfile;
			sourceTree = "<group>";
		};
		A979DE161F9A851E007D2583 /* GitHubProfileTests */ = {
			isa = PBXGroup;
			children = (
				A979DE171F9A851E007D2583 /* GitHubProfileTests.swift */,
				A979DE191F9A851E007D2583 /* Info.plist */,
			);
			path = GitHubProfileTests;
			sourceTree = "<group>";
		};
		A979DE211F9A851E007D2583 /* GitHubProfileUITests */ = {
			isa = PBXGroup;
			children = (
				A979DE221F9A851E007D2583 /* GitHubProfileUITests.swift */,
				A979DE241F9A851E007D2583 /* Info.plist */,
			);
			path = GitHubProfileUITests;
			sourceTree = "<group>";
		};
/* End PBXGroup section */

/* Begin PBXNativeTarget section */
		A979DDFB1F9A851E007D2583 /* GitHubProfile */ = {
			isa = PBXNativeTarget;
			buildConfigurationList = A979DE271F9A851E007D2583 /* Build configuration list for PBXNativeTarget "GitHubProfile" */;
			buildPhases = (
				A979DDF81F9A851E007D2583 /* Sources */,
				A979DDF91F9A851E007D2583 /* Frameworks */,
				A979DDFA1F9A851E007D2583 /* Resources */,
			);
			buildRules = (
			);
			dependencies = (
			);
			name = GitHubProfile;
			productName = GitHubProfile;
			productReference = A979DDFC1F9A851E007D2583 /* GitHubProfile.app */;
			productType = "com.apple.product-type.application";
		};
		A979DE121F9A851E007D2583 /* GitHubProfileTests */ = {
			isa = PBXNativeTarget;
			buildConfigurationList = A979DE2A1F9A851E007D2583 /* Build configuration list for PBXNativeTarget "GitHubProfileTests" */;
			buildPhases = (
				A979DE0F1F9A851E007D2583 /* Sources */,
				A979DE101F9A851E007D2583 /* Frameworks */,
				A979DE111F9A851E007D2583 /* Resources */,
			);
			buildRules = (
			);
			dependencies = (
				A979DE151F9A851E007D2583 /* PBXTargetDependency */,
			);
			name = GitHubProfileTests;
			productName = GitHubProfileTests;
			productReference = A979DE131F9A851E007D2583 /* GitHubProfileTests.xctest */;
			productType = "com.apple.product-type.bundle.unit-test";
		};
		A979DE1D1F9A851E007D2583 /* GitHubProfileUITests */ = {
			isa = PBXNativeTarget;
			buildConfigurationList = A979DE2D1F9A851E007D2583 /* Build configuration list for PBXNativeTarget "GitHubProfileUITests" */;
			buildPhases = (
				A979DE1A1F9A851E007D2583 /* Sources */,
				A979DE1B1F9A851E007D2583 /* Frameworks */,
				A979DE1C1F9A851E007D2583 /* Resources */,
			);
			buildRules = (
			);
			dependencies = (
				A979DE201F9A851E007D2583 /* PBXTargetDependency */,
			);
			name = GitHubProfileUITests;
			productName = GitHubProfileUITests;
			productReference = A979DE1E1F9A851E007D2583 /* GitHubProfileUITests.xctest */;
			productType = "com.apple.product-type.bundle.ui-testing";
		};
/* End PBXNativeTarget section */

/* Begin PBXProject section */
		A979DDF41F9A851E007D2583 /* Project object */ = {
			isa = PBXProject;
			attributes = {
				LastSwiftUpdateCheck = 0900;
				LastUpgradeCheck = 0900;
				ORGANIZATIONNAME = "Marco Valentino";
				TargetAttributes = {
					A979DDFB1F9A851E007D2583 = {
						CreatedOnToolsVersion = 9.0.1;
						ProvisioningStyle = Automatic;
					};
					A979DE121F9A851E007D2583 = {
						CreatedOnToolsVersion = 9.0.1;
						ProvisioningStyle = Automatic;
						TestTargetID = A979DDFB1F9A851E007D2583;
					};
					A979DE1D1F9A851E007D2583 = {
						CreatedOnToolsVersion = 9.0.1;
						ProvisioningStyle = Automatic;
						TestTargetID = A979DDFB1F9A851E007D2583;
					};
				};
			};
			buildConfigurationList = A979DDF71F9A851E007D2583 /* Build configuration list for PBXProject "GitHubProfile" */;
			compatibilityVersion = "Xcode 8.0";
			developmentRegion = en;
			hasScannedForEncodings = 0;
			knownRegions = (
				en,
				Base,
			);
			mainGroup = A979DDF31F9A851E007D2583;
			productRefGroup = A979DDFD1F9A851E007D2583 /* Products */;
			projectDirPath = "";
			projectRoot = "";
			targets = (
				A979DDFB1F9A851E007D2583 /* GitHubProfile */,
				A979DE121F9A851E007D2583 /* GitHubProfileTests */,
				A979DE1D1F9A851E007D2583 /* GitHubProfileUITests */,
			);
		};
/* End PBXProject section */

/* Begin PBXResourcesBuildPhase section */
		A979DDFA1F9A851E007D2583 /* Resources */ = {
			isa = PBXResourcesBuildPhase;
			buildActionMask = 2147483647;
			files = (
				A979DE0D1F9A851E007D2583 /* LaunchScreen.storyboard in Resources */,
				A979DE0A1F9A851E007D2583 /* Assets.xcassets in Resources */,
				A979DE051F9A851E007D2583 /* Main.storyboard in Resources */,
			);
			runOnlyForDeploymentPostprocessing = 0;
		};
		A979DE111F9A851E007D2583 /* Resources */ = {
			isa = PBXResourcesBuildPhase;
			buildActionMask = 2147483647;
			files = (
			);
			runOnlyForDeploymentPostprocessing = 0;
		};
		A979DE1C1F9A851E007D2583 /* Resources */ = {
			isa = PBXResourcesBuildPhase;
			buildActionMask = 2147483647;
			files = (
			);
			runOnlyForDeploymentPostprocessing = 0;
		};
/* End PBXResourcesBuildPhase section */

/* Begin PBXSourcesBuildPhase section */
		A979DDF81F9A851E007D2583 /* Sources */ = {
			isa = PBXSourcesBuildPhase;
			buildActionMask = 2147483647;
			files = (
				A979DE021F9A851E007D2583 /* ViewController.swift in Sources */,
				A979DE081F9A851E007D2583 /* GitHubProfile.xcdatamodeld in Sources */,
				A979DE001F9A851E007D2583 /* AppDelegate.swift in Sources */,
			);
			runOnlyForDeploymentPostprocessing = 0;
		};
		A979DE0F1F9A851E007D2583 /* Sources */ = {
			isa = PBXSourcesBuildPhase;
			buildActionMask = 2147483647;
			files = (
				A979DE181F9A851E007D2583 /* GitHubProfileTests.swift in Sources */,
			);
			runOnlyForDeploymentPostprocessing = 0;
		};
		A979DE1A1F9A851E007D2583 /* Sources */ = {
			isa = PBXSourcesBuildPhase;
			buildActionMask = 2147483647;
			files = (
				A979DE231F9A851E007D2583 /* GitHubProfileUITests.swift in Sources */,
			);
			runOnlyForDeploymentPostprocessing = 0;
		};
/* End PBXSourcesBuildPhase section */

/* Begin PBXTargetDependency section */
		A979DE151F9A851E007D2583 /* PBXTargetDependency */ = {
			isa = PBXTargetDependency;
			target = A979DDFB1F9A851E007D2583 /* GitHubProfile */;
			targetProxy = A979DE141F9A851E007D2583 /* PBXContainerItemProxy */;
		};
		A979DE201F9A851E007D2583 /* PBXTargetDependency */ = {
			isa = PBXTargetDependency;
			target = A979DDFB1F9A851E007D2583 /* GitHubProfile */;
			targetProxy = A979DE1F1F9A851E007D2583 /* PBXContainerItemProxy */;
		};
/* End PBXTargetDependency section */

/* Begin PBXVariantGroup section */
		A979DE031F9A851E007D2583 /* Main.storyboard */ = {
			isa = PBXVariantGroup;
			children = (
				A979DE041F9A851E007D2583 /* Base */,
			);
			name = Main.storyboard;
			sourceTree = "<group>";
		};
		A979DE0B1F9A851E007D2583 /* LaunchScreen.storyboard */ = {
			isa = PBXVariantGroup;
			children = (
				A979DE0C1F9A851E007D2583 /* Base */,
			);
			name = LaunchScreen.storyboard;
			sourceTree = "<group>";
		};
/* End PBXVariantGroup section */

/* Begin XCBuildConfiguration section */
		A979DE251F9A851E007D2583 /* Debug */ = {
			isa = XCBuildConfiguration;
			buildSettings = {
				ALWAYS_SEARCH_USER_PATHS = NO;
				CLANG_ANALYZER_NONNULL = YES;
				CLANG_ANALYZER_NUMBER_OBJECT_CONVERSION = YES_AGGRESSIVE;
				CLANG_CXX_LANGUAGE_STANDARD = "gnu++14";
				CLANG_CXX_LIBRARY = "libc++";
				CLANG_ENABLE_MODULES = YES;
				CLANG_ENABLE_OBJC_ARC = YES;
				CLANG_WARN_BLOCK_CAPTURE_AUTORELEASING = YES;
				CLANG_WARN_BOOL_CONVERSION = YES;
				CLANG_WARN_COMMA = YES;
				CLANG_WARN_CONSTANT_CONVERSION = YES;
				CLANG_WARN_DIRECT_OBJC_ISA_USAGE = YES_ERROR;
				CLANG_WARN_DOCUMENTATION_COMMENTS = YES;
				CLANG_WARN_EMPTY_BODY = YES;
				CLANG_WARN_ENUM_CONVERSION = YES;
				CLANG_WARN_INFINITE_RECURSION = YES;
				CLANG_WARN_INT_CONVERSION = YES;
				CLANG_WARN_NON_LITERAL_NULL_CONVERSION = YES;
				CLANG_WARN_OBJC_LITERAL_CONVERSION = YES;
				CLANG_WARN_OBJC_ROOT_CLASS = YES_ERROR;
				CLANG_WARN_RANGE_LOOP_ANALYSIS = YES;
				CLANG_WARN_STRICT_PROTOTYPES = YES;
				CLANG_WARN_SUSPICIOUS_MOVE = YES;
				CLANG_WARN_UNGUARDED_AVAILABILITY = YES_AGGRESSIVE;
				CLANG_WARN_UNREACHABLE_CODE = YES;
				CLANG_WARN__DUPLICATE_METHOD_MATCH = YES;
				CODE_SIGN_IDENTITY = "iPhone Developer";
				COPY_PHASE_STRIP = NO;
				DEBUG_INFORMATION_FORMAT = dwarf;
				ENABLE_STRICT_OBJC_MSGSEND = YES;
				ENABLE_TESTABILITY = YES;
				GCC_C_LANGUAGE_STANDARD = gnu11;
				GCC_DYNAMIC_NO_PIC = NO;
				GCC_NO_COMMON_BLOCKS = YES;
				GCC_OPTIMIZATION_LEVEL = 0;
				GCC_PREPROCESSOR_DEFINITIONS = (
					"DEBUG=1",
					"$(inherited)",
				);
				GCC_WARN_64_TO_32_BIT_CONVERSION = YES;
				GCC_WARN_ABOUT_RETURN_TYPE = YES_ERROR;
				GCC_WARN_UNDECLARED_SELECTOR = YES;
				GCC_WARN_UNINITIALIZED_AUTOS = YES_AGGRESSIVE;
				GCC_WARN_UNUSED_FUNCTION = YES;
				GCC_WARN_UNUSED_VARIABLE = YES;
				IPHONEOS_DEPLOYMENT_TARGET = 11.0;
				MTL_ENABLE_DEBUG_INFO = YES;
				ONLY_ACTIVE_ARCH = YES;
				SDKROOT = iphoneos;
				SWIFT_ACTIVE_COMPILATION_CONDITIONS = DEBUG;
				SWIFT_OPTIMIZATION_LEVEL = "-Onone";
			};
			name = Debug;
		};
		A979DE261F9A851E007D2583 /* Release */ = {
			isa = XCBuildConfiguration;
			buildSettings = {
				ALWAYS_SEARCH_USER_PATHS = NO;
				CLANG_ANALYZER_NONNULL = YES;
				CLANG_ANALYZER_NUMBER_OBJECT_CONVERSION = YES_AGGRESSIVE;
				CLANG_CXX_LANGUAGE_STANDARD = "gnu++14";
				CLANG_CXX_LIBRARY = "libc++";
				CLANG_ENABLE_MODULES = YES;
				CLANG_ENABLE_OBJC_ARC = YES;
				CLANG_WARN_BLOCK_CAPTURE_AUTORELEASING = YES;
				CLANG_WARN_BOOL_CONVERSION = YES;
				CLANG_WARN_COMMA = YES;
				CLANG_WARN_CONSTANT_CONVERSION = YES;
				CLANG_WARN_DIRECT_OBJC_ISA_USAGE = YES_ERROR;
				CLANG_WARN_DOCUMENTATION_COMMENTS = YES;
				CLANG_WARN_EMPTY_BODY = YES;
				CLANG_WARN_ENUM_CONVERSION = YES;
				CLANG_WARN_INFINITE_RECURSION = YES;
				CLANG_WARN_INT_CONVERSION = YES;
				CLANG_WARN_NON_LITERAL_NULL_CONVERSION = YES;
				CLANG_WARN_OBJC_LITERAL_CONVERSION = YES;
				CLANG_WARN_OBJC_ROOT_CLASS = YES_ERROR;
				CLANG_WARN_RANGE_LOOP_ANALYSIS = YES;
				CLANG_WARN_STRICT_PROTOTYPES = YES;
				CLANG_WARN_SUSPICIOUS_MOVE = YES;
				CLANG_WARN_UNGUARDED_AVAILABILITY = YES_AGGRESSIVE;
				CLANG_WARN_UNREACHABLE_CODE = YES;
				CLANG_WARN__DUPLICATE_METHOD_MATCH = YES;
				CODE_SIGN_IDENTITY = "iPhone Developer";
				COPY_PHASE_STRIP = NO;
				DEBUG_INFORMATION_FORMAT = "dwarf-with-dsym";
				ENABLE_NS_ASSERTIONS = NO;
				ENABLE_STRICT_OBJC_MSGSEND = YES;
				GCC_C_LANGUAGE_STANDARD = gnu11;
				GCC_NO_COMMON_BLOCKS = YES;
				GCC_WARN_64_TO_32_BIT_CONVERSION = YES;
				GCC_WARN_ABOUT_RETURN_TYPE = YES_ERROR;
				GCC_WARN_UNDECLARED_SELECTOR = YES;
				GCC_WARN_UNINITIALIZED_AUTOS = YES_AGGRESSIVE;
				GCC_WARN_UNUSED_FUNCTION = YES;
				GCC_WARN_UNUSED_VARIABLE = YES;
				IPHONEOS_DEPLOYMENT_TARGET = 11.0;
				MTL_ENABLE_DEBUG_INFO = NO;
				SDKROOT = iphoneos;
				SWIFT_OPTIMIZATION_LEVEL = "-Owholemodule";
				VALIDATE_PRODUCT = YES;
			};
			name = Release;
		};
		A979DE281F9A851E007D2583 /* Debug */ = {
			isa = XCBuildConfiguration;
			buildSettings = {
				ASSETCATALOG_COMPILER_APPICON_NAME = AppIcon;
				CODE_SIGN_STYLE = Automatic;
				INFOPLIST_FILE = GitHubProfile/Info.plist;
				LD_RUNPATH_SEARCH_PATHS = "$(inherited) @executable_path/Frameworks";
				PRODUCT_BUNDLE_IDENTIFIER = cs242.GitHubProfile;
				PRODUCT_NAME = "$(TARGET_NAME)";
				SWIFT_VERSION = 4.0;
				TARGETED_DEVICE_FAMILY = "1,2";
			};
			name = Debug;
		};
		A979DE291F9A851E007D2583 /* Release */ = {
			isa = XCBuildConfiguration;
			buildSettings = {
				ASSETCATALOG_COMPILER_APPICON_NAME = AppIcon;
				CODE_SIGN_STYLE = Automatic;
				INFOPLIST_FILE = GitHubProfile/Info.plist;
				LD_RUNPATH_SEARCH_PATHS = "$(inherited) @executable_path/Frameworks";
				PRODUCT_BUNDLE_IDENTIFIER = cs242.GitHubProfile;
				PRODUCT_NAME = "$(TARGET_NAME)";
				SWIFT_VERSION = 4.0;
				TARGETED_DEVICE_FAMILY = "1,2";
			};
			name = Release;
		};
		A979DE2B1F9A851E007D2583 /* Debug */ = {
			isa = XCBuildConfiguration;
			buildSettings = {
				ALWAYS_EMBED_SWIFT_STANDARD_LIBRARIES = YES;
				BUNDLE_LOADER = "$(TEST_HOST)";
				CODE_SIGN_STYLE = Automatic;
				INFOPLIST_FILE = GitHubProfileTests/Info.plist;
				LD_RUNPATH_SEARCH_PATHS = "$(inherited) @executable_path/Frameworks @loader_path/Frameworks";
				PRODUCT_BUNDLE_IDENTIFIER = cs242.GitHubProfileTests;
				PRODUCT_NAME = "$(TARGET_NAME)";
				SWIFT_VERSION = 4.0;
				TARGETED_DEVICE_FAMILY = "1,2";
				TEST_HOST = "$(BUILT_PRODUCTS_DIR)/GitHubProfile.app/GitHubProfile";
			};
			name = Debug;
		};
		A979DE2C1F9A851E007D2583 /* Release */ = {
			isa = XCBuildConfiguration;
			buildSettings = {
				ALWAYS_EMBED_SWIFT_STANDARD_LIBRARIES = YES;
				BUNDLE_LOADER = "$(TEST_HOST)";
				CODE_SIGN_STYLE = Automatic;
				INFOPLIST_FILE = GitHubProfileTests/Info.plist;
				LD_RUNPATH_SEARCH_PATHS = "$(inherited) @executable_path/Frameworks @loader_path/Frameworks";
				PRODUCT_BUNDLE_IDENTIFIER = cs242.GitHubProfileTests;
				PRODUCT_NAME = "$(TARGET_NAME)";
				SWIFT_VERSION = 4.0;
				TARGETED_DEVICE_FAMILY = "1,2";
				TEST_HOST = "$(BUILT_PRODUCTS_DIR)/GitHubProfile.app/GitHubProfile";
			};
			name = Release;
		};
		A979DE2E1F9A851E007D2583 /* Debug */ = {
			isa = XCBuildConfiguration;
			buildSettings = {
				ALWAYS_EMBED_SWIFT_STANDARD_LIBRARIES = YES;
				CODE_SIGN_STYLE = Automatic;
				INFOPLIST_FILE = GitHubProfileUITests/Info.plist;
				LD_RUNPATH_SEARCH_PATHS = "$(inherited) @executable_path/Frameworks @loader_path/Frameworks";
				PRODUCT_BUNDLE_IDENTIFIER = cs242.GitHubProfileUITests;
				PRODUCT_NAME = "$(TARGET_NAME)";
				SWIFT_VERSION = 4.0;
				TARGETED_DEVICE_FAMILY = "1,2";
				TEST_TARGET_NAME = GitHubProfile;
			};
			name = Debug;
		};
		A979DE2F1F9A851E007D2583 /* Release */ = {
			isa = XCBuildConfiguration;
			buildSettings = {
				ALWAYS_EMBED_SWIFT_STANDARD_LIBRARIES = YES;
				CODE_SIGN_STYLE = Automatic;
				INFOPLIST_FILE = GitHubProfileUITests/Info.plist;
				LD_RUNPATH_SEARCH_PATHS = "$(inherited) @executable_path/Frameworks @loader_path/Frameworks";
				PRODUCT_BUNDLE_IDENTIFIER = cs242.GitHubProfileUITests;
				PRODUCT_NAME = "$(TARGET_NAME)";
				SWIFT_VERSION = 4.0;
				TARGETED_DEVICE_FAMILY = "1,2";
				TEST_TARGET_NAME = GitHubProfile;
			};
			name = Release;
		};
/* End XCBuildConfiguration section */

/* Begin XCConfigurationList section */
		A979DDF71F9A851E007D2583 /* Build configuration list for PBXProject "GitHubProfile" */ = {
			isa = XCConfigurationList;
			buildConfigurations = (
				A979DE251F9A851E007D2583 /* Debug */,
				A979DE261F9A851E007D2583 /* Release */,
			);
			defaultConfigurationIsVisible = 0;
			defaultConfigurationName = Release;
		};
		A979DE271F9A851E007D2583 /* Build configuration list for PBXNativeTarget "GitHubProfile" */ = {
			isa = XCConfigurationList;
			buildConfigurations = (
				A979DE281F9A851E007D2583 /* Debug */,
				A979DE291F9A851E007D2583 /* Release */,
			);
			defaultConfigurationIsVisible = 0;
			defaultConfigurationName = Release;
		};
		A979DE2A1F9A851E007D2583 /* Build configuration list for PBXNativeTarget "GitHubProfileTests" */ = {
			isa = XCConfigurationList;
			buildConfigurations = (
				A979DE2B1F9A851E007D2583 /* Debug */,
				A979DE2C1F9A851E007D2583 /* Release */,
			);
			defaultConfigurationIsVisible = 0;
			defaultConfigurationName = Release;
		};
		A979DE2D1F9A851E007D2583 /* Build configuration list for PBXNativeTarget "GitHubProfileUITests" */ = {
			isa = XCConfigurationList;
			buildConfigurations = (
				A979DE2E1F9A851E007D2583 /* Debug */,
				A979DE2F1F9A851E007D2583 /* Release */,
			);
			defaultConfigurationIsVisible = 0;
			defaultConfigurationName = Release;
		};
/* End XCConfigurationList section */

/* Begin XCVersionGroup section */
		A979DE061F9A851E007D2583 /* GitHubProfile.xcdatamodeld */ = {
			isa = XCVersionGroup;
			children = (
				A979DE071F9A851E007D2583 /* GitHubProfile.xcdatamodel */,
			);
			currentVersion = A979DE071F9A851E007D2583 /* GitHubProfile.xcdatamodel */;
			path = GitHubProfile.xcdatamodeld;
			sourceTree = "<group>";
			versionGroupType = wrapper.xcdatamodel;
		};
/* End XCVersionGroup section */
	};
	rootObject = A979DDF41F9A851E007D2583 /* Project object */;
}
